
Microsoft Visual Studio Solution File, Format Version 12.00
# Visual Studio Version 17
VisualStudioVersion = 17.0.31919.166
MinimumVisualStudioVersion = 10.0.40219.1
Project("{9A19103F-16F7-4668-BE54-9A1E7A4F7556}") = "Admin.Api", "Admin.Api\Admin.Api.csproj", "{5BA6FC35-2B9C-4835-A72F-441F5A4C1556}"
EndProject
Project("{9A19103F-16F7-4668-BE54-9A1E7A4F7556}") = "Admin.Domain", "Admin.Domain\Admin.Domain.csproj", "{211B6588-89BC-4EEF-8A4A-2AA39056AD29}"
EndProject
Project("{9A19103F-16F7-4668-BE54-9A1E7A4F7556}") = "Admin.Infra", "Admin.Infra\Admin.Infra.csproj", "{00D34DC2-632B-44DB-A987-BE878E01C8D6}"
EndProject
Project("{9A19103F-16F7-4668-BE54-9A1E7A4F7556}") = "Admin.Integrations", "Admin.Integrations\Admin.Integrations.csproj", "{B2828344-F5F4-4EC0-ACE1-EB3766A71DE2}"
EndProject
Project("{9A19103F-16F7-4668-BE54-9A1E7A4F7556}") = "Admin.Application", "Admin.Application\Admin.Application.csproj", "{A43915EA-B47A-4727-9CD7-FB316345C6EB}"
EndProject
Global
	GlobalSection(SolutionConfigurationPlatforms) = preSolution
		Debug|Any CPU = Debug|Any CPU
		Release|Any CPU = Release|Any CPU
	EndGlobalSection
	GlobalSection(ProjectConfigurationPlatforms) = postSolution
		{5BA6FC35-2B9C-4835-A72F-441F5A4C1556}.Debug|Any CPU.ActiveCfg = Debug|Any CPU
		{5BA6FC35-2B9C-4835-A72F-441F5A4C1556}.Debug|Any CPU.Build.0 = Debug|Any CPU
		{5BA6FC35-2B9C-4835-A72F-441F5A4C1556}.Release|Any CPU.ActiveCfg = Release|Any CPU
		{5BA6FC35-2B9C-4835-A72F-441F5A4C1556}.Release|Any CPU.Build.0 = Release|Any CPU
		{211B6588-89BC-4EEF-8A4A-2AA39056AD29}.Debug|Any CPU.ActiveCfg = Debug|Any CPU
		{211B6588-89BC-4EEF-8A4A-2AA39056AD29}.Debug|Any CPU.Build.0 = Debug|Any CPU
		{211B6588-89BC-4EEF-8A4A-2AA39056AD29}.Release|Any CPU.ActiveCfg = Release|Any CPU
		{211B6588-89BC-4EEF-8A4A-2AA39056AD29}.Release|Any CPU.Build.0 = Release|Any CPU
		{00D34DC2-632B-44DB-A987-BE878E01C8D6}.Debug|Any CPU.ActiveCfg = Debug|Any CPU
		{00D34DC2-632B-44DB-A987-BE878E01C8D6}.Debug|Any CPU.Build.0 = Debug|Any CPU
		{00D34DC2-632B-44DB-A987-BE878E01C8D6}.Release|Any CPU.ActiveCfg = Release|Any CPU
		{00D34DC2-632B-44DB-A987-BE878E01C8D6}.Release|Any CPU.Build.0 = Release|Any CPU
		{B2828344-F5F4-4EC0-ACE1-EB3766A71DE2}.Debug|Any CPU.ActiveCfg = Debug|Any CPU
		{B2828344-F5F4-4EC0-ACE1-EB3766A71DE2}.Debug|Any CPU.Build.0 = Debug|Any CPU
		{B2828344-F5F4-4EC0-ACE1-EB3766A71DE2}.Release|Any CPU.ActiveCfg = Release|Any CPU
		{B2828344-F5F4-4EC0-ACE1-EB3766A71DE2}.Release|Any CPU.Build.0 = Release|Any CPU
		{A43915EA-B47A-4727-9CD7-FB316345C6EB}.Debug|Any CPU.ActiveCfg = Debug|Any CPU
		{A43915EA-B47A-4727-9CD7-FB316345C6EB}.Debug|Any CPU.Build.0 = Debug|Any CPU
		{A43915EA-B47A-4727-9CD7-FB316345C6EB}.Release|Any CPU.ActiveCfg = Release|Any CPU
		{A43915EA-B47A-4727-9CD7-FB316345C6EB}.Release|Any CPU.Build.0 = Release|Any CPU
	EndGlobalSection
	GlobalSection(SolutionProperties) = preSolution
		HideSolutionNode = FALSE
	EndGlobalSection
	GlobalSection(ExtensibilityGlobals) = postSolution
		SolutionGuid = {D983620E-B072-4D5D-9214-D97E2E068E5C}
	EndGlobalSection
EndGlobal
